{
  "name": "backend",
  "version": "0.0.0",
  "lockfileVersion": 1,
  "requires": true,
  "dependencies": {
    "express-paginate": {
      "version": "0.3.0",
      "resolved": "https://registry.npmjs.org/express-paginate/-/express-paginate-0.3.0.tgz",
      "integrity": "sha512-2C3Oju11+0IX0kyRVgeyzE/nFGnp764BtY0VRkvdXGsrPaMfPWxui/lSHu/DOTQ1+C1MEFJK4eYj8/ExHB8Vjw==",
      "requires": {
        "lodash.assign": "4.2.0",
        "lodash.clone": "4.5.0",
        "lodash.isobject": "3.0.2",
        "querystring": "0.2.0"
      }
    },
    "lodash.assign": {
      "version": "4.2.0",
      "resolved": "https://registry.npmjs.org/lodash.assign/-/lodash.assign-4.2.0.tgz",
      "integrity": "sha1-DZnzzNem0mHRm9rrkkUAXShYCOc="
    },
    "lodash.clone": {
      "version": "4.5.0",
      "resolved": "https://registry.npmjs.org/lodash.clone/-/lodash.clone-4.5.0.tgz",
      "integrity": "sha1-GVhwRQ9aExkkeN9Lw9I9LeoZB7Y="
    },
    "lodash.isobject": {
      "version": "3.0.2",
      "resolved": "https://registry.npmjs.org/lodash.isobject/-/lodash.isobject-3.0.2.tgz",
      "integrity": "sha1-PI+41bW/S/kK4G4U8qUwpO2TXh0="
    },
    "querystring": {
      "version": "0.2.0",
      "resolved": "https://registry.npmjs.org/querystring/-/querystring-0.2.0.tgz",
      "integrity": "sha1-sgmEkgO7Jd+CDadW50cAWHhSFiA="
    }
  }
}
